
Microsoft Visual Studio Solution File, Format Version 12.00
# Visual Studio Version 17
VisualStudioVersion = 17.13.35931.197 d17.13
MinimumVisualStudioVersion = 10.0.40219.1
Project("{FAE04EC0-301F-11D3-BF4B-00C04F79EFBC}") = "Pseudo3DGame", "Pseudo3DGame\Pseudo3DGame.csproj", "{A5C00EF8-1B71-4286-A778-EC0FFE280C97}"
EndProject
Global
	GlobalSection(SolutionConfigurationPlatforms) = preSolution
		Debug|Any CPU = Debug|Any CPU
		Release|Any CPU = Release|Any CPU
	EndGlobalSection
	GlobalSection(ProjectConfigurationPlatforms) = postSolution
		{A5C00EF8-1B71-4286-A778-EC0FFE280C97}.Debug|Any CPU.ActiveCfg = Debug|Any CPU
		{A5C00EF8-1B71-4286-A778-EC0FFE280C97}.Debug|Any CPU.Build.0 = Debug|Any CPU
		{A5C00EF8-1B71-4286-A778-EC0FFE280C97}.Release|Any CPU.ActiveCfg = Release|Any CPU
		{A5C00EF8-1B71-4286-A778-EC0FFE280C97}.Release|Any CPU.Build.0 = Release|Any CPU
	EndGlobalSection
	GlobalSection(SolutionProperties) = preSolution
		HideSolutionNode = FALSE
	EndGlobalSection
	GlobalSection(ExtensibilityGlobals) = postSolution
		SolutionGuid = {995EF47D-9FCE-4E86-BDFE-325467FF30F3}
	EndGlobalSection
EndGlobal
